
Microsoft Visual Studio Solution File, Format Version 12.00
# Visual Studio Version 17
VisualStudioVersion = 17.8.34511.84
MinimumVisualStudioVersion = 10.0.40219.1
Project("{9A19103F-16F7-4668-BE54-9A1E7A4F7556}") = "BulkyBookWeb", "BulkyBookWeb.csproj", "{79FCCE90-869C-487A-9612-D12EA9E65038}"
EndProject
Project("{9A19103F-16F7-4668-BE54-9A1E7A4F7556}") = "BulkyBook.DataAccess", "..\Bulky.DataAccess\BulkyBook.DataAccess.csproj", "{2E74F80A-0845-4EA4-B584-A6C09BE4A7F6}"
EndProject
Project("{9A19103F-16F7-4668-BE54-9A1E7A4F7556}") = "BulkyBook.Models", "..\Bulky.Models\BulkyBook.Models.csproj", "{F3AD13B6-FB9C-4B38-B779-46A5A304A0C4}"
EndProject
Project("{9A19103F-16F7-4668-BE54-9A1E7A4F7556}") = "BulkyBook.Utility", "..\Bulky.Utility\BulkyBook.Utility.csproj", "{68D51AEA-1B82-4B57-A4E6-B3B603DABEDA}"
EndProject
Global
	GlobalSection(SolutionConfigurationPlatforms) = preSolution
		Debug|Any CPU = Debug|Any CPU
		Release|Any CPU = Release|Any CPU
	EndGlobalSection
	GlobalSection(ProjectConfigurationPlatforms) = postSolution
		{79FCCE90-869C-487A-9612-D12EA9E65038}.Debug|Any CPU.ActiveCfg = Debug|Any CPU
		{79FCCE90-869C-487A-9612-D12EA9E65038}.Debug|Any CPU.Build.0 = Debug|Any CPU
		{79FCCE90-869C-487A-9612-D12EA9E65038}.Release|Any CPU.ActiveCfg = Release|Any CPU
		{79FCCE90-869C-487A-9612-D12EA9E65038}.Release|Any CPU.Build.0 = Release|Any CPU
		{2E74F80A-0845-4EA4-B584-A6C09BE4A7F6}.Debug|Any CPU.ActiveCfg = Debug|Any CPU
		{2E74F80A-0845-4EA4-B584-A6C09BE4A7F6}.Debug|Any CPU.Build.0 = Debug|Any CPU
		{2E74F80A-0845-4EA4-B584-A6C09BE4A7F6}.Release|Any CPU.ActiveCfg = Release|Any CPU
		{2E74F80A-0845-4EA4-B584-A6C09BE4A7F6}.Release|Any CPU.Build.0 = Release|Any CPU
		{F3AD13B6-FB9C-4B38-B779-46A5A304A0C4}.Debug|Any CPU.ActiveCfg = Debug|Any CPU
		{F3AD13B6-FB9C-4B38-B779-46A5A304A0C4}.Debug|Any CPU.Build.0 = Debug|Any CPU
		{F3AD13B6-FB9C-4B38-B779-46A5A304A0C4}.Release|Any CPU.ActiveCfg = Release|Any CPU
		{F3AD13B6-FB9C-4B38-B779-46A5A304A0C4}.Release|Any CPU.Build.0 = Release|Any CPU
		{68D51AEA-1B82-4B57-A4E6-B3B603DABEDA}.Debug|Any CPU.ActiveCfg = Debug|Any CPU
		{68D51AEA-1B82-4B57-A4E6-B3B603DABEDA}.Debug|Any CPU.Build.0 = Debug|Any CPU
		{68D51AEA-1B82-4B57-A4E6-B3B603DABEDA}.Release|Any CPU.ActiveCfg = Release|Any CPU
		{68D51AEA-1B82-4B57-A4E6-B3B603DABEDA}.Release|Any CPU.Build.0 = Release|Any CPU
	EndGlobalSection
	GlobalSection(SolutionProperties) = preSolution
		HideSolutionNode = FALSE
	EndGlobalSection
	GlobalSection(ExtensibilityGlobals) = postSolution
		SolutionGuid = {85CDE1B7-FDE5-470A-95F7-101B13BCB731}
	EndGlobalSection
EndGlobal
